{
    "name": "angular2-swiper",
    "version": "0.8.1",
    "lockfileVersion": 1,
    "dependencies": {
        "@angular/common": {
            "version": "2.0.0",
            "resolved": "https://registry.npmjs.org/@angular/common/-/common-2.0.0.tgz",
            "integrity": "sha1-bVs4zvi+xpcmWQ85XaEMLYkUYkc=",
            "dev": true
        },
        "@angular/core": {
            "version": "2.0.0",
            "resolved": "https://registry.npmjs.org/@angular/core/-/core-2.0.0.tgz",
            "integrity": "sha1-h7XqSnrgY9J7zyMypKqTLYh6vis=",
            "dev": true
        },
        "core-js": {
            "version": "2.5.0",
            "resolved": "https://registry.npmjs.org/core-js/-/core-js-2.5.0.tgz",
            "integrity": "sha1-VpwFCRi+ZIazg3VSAorgRmtxcIY=",
            "dev": true
        },
        "reflect-metadata": {
            "version": "0.1.10",
            "resolved": "https://registry.npmjs.org/reflect-metadata/-/reflect-metadata-0.1.10.tgz",
            "integrity": "sha1-tPg3BEFqytiZiMmxVjXUfgO5NEo=",
            "dev": true
        },
        "rxjs": {
            "version": "5.0.0-beta.12",
            "resolved": "https://registry.npmjs.org/rxjs/-/rxjs-5.0.0-beta.12.tgz",
            "integrity": "sha1-zf3i2MRjnSCud5S/+P3fMtp60zc=",
            "dev": true
        },
        "swiper": {
            "version": "3.4.2",
            "resolved": "https://registry.npmjs.org/swiper/-/swiper-3.4.2.tgz",
            "integrity": "sha1-Oda0ELGjmDPh9y07cpmd9fXjg5I="
        },
        "symbol-observable": {
            "version": "1.0.4",
            "resolved": "https://registry.npmjs.org/symbol-observable/-/symbol-observable-1.0.4.tgz",
            "integrity": "sha1-Kb9hXUqnEhvdiYsi1LP5vE4qoD0=",
            "dev": true
        },
        "zone.js": {
            "version": "0.6.26",
            "resolved": "https://registry.npmjs.org/zone.js/-/zone.js-0.6.26.tgz",
            "integrity": "sha1-BnwTuLgCI6ibYuncgmgPCXYsRjY=",
            "dev": true
        }
    }
}
